# THIS IS AN AUTOGENERATED FILE. DO NOT EDIT THIS FILE DIRECTLY.
# yarn lockfile v1


"@liaujianjie/gh-package-registry-test-private@^1.0.2":
  version "1.0.2"
  resolved "https://npm.pkg.github.com/download/@liaujianjie/gh-package-registry-test-private/1.0.2/af5ad9317d2ec2c74f4af953fb0d1c0268babc0140f9d5a0f649ee312c268891#5f0f9790802628eddd150a7b1015d7be984195f7"
  integrity sha512-2jaLAjxn6PkMFP13rOd9iYY2hfiBgqvQ2c/Q+86A5hp6NSoAtwZu7pZDozS1MnyT5wUWBW3eAiLx9aeayLjeew==

"@liaujianjie/gh-package-registry-test-public@^1.0.1":
  version "1.0.1"
  resolved "https://npm.pkg.github.com/download/@liaujianjie/gh-package-registry-test-public/1.0.1/b68b75e1105ed9d6c480b02ca288a7297700a291d3e17cef3788d1599aa6e978#965093f5442741fbb6aba69144324f8b25317634"
  integrity sha512-McdWeec+hcec5gy1k6YIYww/a/nqkLogB1DAR0b2oLcHjku1N1CyYCrxdIyEvA57wYpYAtH1SLUBfIj9JiFt0w==
