# THIS IS AN AUTOGENERATED FILE. DO NOT EDIT THIS FILE DIRECTLY.
# yarn lockfile v1


"@liaujianjie/gh-package-registry-test-public@^1.0.0":
  version "1.0.0"
  resolved "https://npm.pkg.github.com/download/@liaujianjie/gh-package-registry-test-public/1.0.0/ba94421f82d4d5e2b2bb10a6775b2765ee3d0b9513fbded176e29dd9d0181cf3#ed6655dd7fcb20bb6fbb4bf66b976cc0183c6660"
  integrity sha512-tAy+8qBpsy1k7tSeOc5zf5nBQ/ZO53nJkWZcRUEks1Bnm+PrTdeNvSFDZb8DUfr5uL2w/LWdz/G+UuHgaHsYlA==
